// !$*UTF8*$!
{
	archiveVersion = 1;
	classes = {
	};
	objectVersion = 54;
	objects = {

/* Begin PBXBuildFile section */
		E56A328D27F7A02900C3AE74 /* AppDelegate.swift in Sources */ = {isa = PBXBuildFile; fileRef = E56A328C27F7A02900C3AE74 /* AppDelegate.swift */; };
		E56A328F27F7A02900C3AE74 /* SceneDelegate.swift in Sources */ = {isa = PBXBuildFile; fileRef = E56A328E27F7A02900C3AE74 /* SceneDelegate.swift */; };
		E56A329127F7A02900C3AE74 /* ViewController.swift in Sources */ = {isa = PBXBuildFile; fileRef = E56A329027F7A02900C3AE74 /* ViewController.swift */; };
		E56A329427F7A02900C3AE74 /* Main.storyboard in Resources */ = {isa = PBXBuildFile; fileRef = E56A329227F7A02900C3AE74 /* Main.storyboard */; };
		E56A329727F7A02900C3AE74 /* VKTestForMobileUp.xcdatamodeld in Sources */ = {isa = PBXBuildFile; fileRef = E56A329527F7A02900C3AE74 /* VKTestForMobileUp.xcdatamodeld */; };
		E56A329927F7A02C00C3AE74 /* Assets.xcassets in Resources */ = {isa = PBXBuildFile; fileRef = E56A329827F7A02C00C3AE74 /* Assets.xcassets */; };
		E56A329C27F7A02C00C3AE74 /* LaunchScreen.storyboard in Resources */ = {isa = PBXBuildFile; fileRef = E56A329A27F7A02C00C3AE74 /* LaunchScreen.storyboard */; };
		E56A32A727F7A3EF00C3AE74 /* SwiftyVK.framework in Frameworks */ = {isa = PBXBuildFile; fileRef = E56A32A627F7A3EF00C3AE74 /* SwiftyVK.framework */; };
		E56A32A827F7A3EF00C3AE74 /* SwiftyVK.framework in Embed Frameworks */ = {isa = PBXBuildFile; fileRef = E56A32A627F7A3EF00C3AE74 /* SwiftyVK.framework */; settings = {ATTRIBUTES = (CodeSignOnCopy, RemoveHeadersOnCopy, ); }; };
		E56A32AB27F7AE3300C3AE74 /* VKDelegate.swift in Sources */ = {isa = PBXBuildFile; fileRef = E56A32AA27F7AE3300C3AE74 /* VKDelegate.swift */; };
		E56A32AD27F7AFFD00C3AE74 /* GalleryViewController.swift in Sources */ = {isa = PBXBuildFile; fileRef = E56A32AC27F7AFFD00C3AE74 /* GalleryViewController.swift */; };
		E56A32AF27F9C65200C3AE74 /* PhotoViewController.swift in Sources */ = {isa = PBXBuildFile; fileRef = E56A32AE27F9C65100C3AE74 /* PhotoViewController.swift */; };
		E56A32B127FA1E7400C3AE74 /* AlbumPhotosViewModel.swift in Sources */ = {isa = PBXBuildFile; fileRef = E56A32B027FA1E7400C3AE74 /* AlbumPhotosViewModel.swift */; };
/* End PBXBuildFile section */

/* Begin PBXCopyFilesBuildPhase section */
		E56A32A927F7A3EF00C3AE74 /* Embed Frameworks */ = {
			isa = PBXCopyFilesBuildPhase;
			buildActionMask = 2147483647;
			dstPath = "";
			dstSubfolderSpec = 10;
			files = (
				E56A32A827F7A3EF00C3AE74 /* SwiftyVK.framework in Embed Frameworks */,
			);
			name = "Embed Frameworks";
			runOnlyForDeploymentPostprocessing = 0;
		};
/* End PBXCopyFilesBuildPhase section */

/* Begin PBXFileReference section */
		E56A328927F7A02900C3AE74 /* VKTestForMobileUp.app */ = {isa = PBXFileReference; explicitFileType = wrapper.application; includeInIndex = 0; path = VKTestForMobileUp.app; sourceTree = BUILT_PRODUCTS_DIR; };
		E56A328C27F7A02900C3AE74 /* AppDelegate.swift */ = {isa = PBXFileReference; lastKnownFileType = sourcecode.swift; path = AppDelegate.swift; sourceTree = "<group>"; };
		E56A328E27F7A02900C3AE74 /* SceneDelegate.swift */ = {isa = PBXFileReference; lastKnownFileType = sourcecode.swift; path = SceneDelegate.swift; sourceTree = "<group>"; };
		E56A329027F7A02900C3AE74 /* ViewController.swift */ = {isa = PBXFileReference; lastKnownFileType = sourcecode.swift; path = ViewController.swift; sourceTree = "<group>"; };
		E56A329327F7A02900C3AE74 /* Base */ = {isa = PBXFileReference; lastKnownFileType = file.storyboard; name = Base; path = Base.lproj/Main.storyboard; sourceTree = "<group>"; };
		E56A329627F7A02900C3AE74 /* VKTestForMobileUp.xcdatamodel */ = {isa = PBXFileReference; lastKnownFileType = wrapper.xcdatamodel; path = VKTestForMobileUp.xcdatamodel; sourceTree = "<group>"; };
		E56A329827F7A02C00C3AE74 /* Assets.xcassets */ = {isa = PBXFileReference; lastKnownFileType = folder.assetcatalog; path = Assets.xcassets; sourceTree = "<group>"; };
		E56A329B27F7A02C00C3AE74 /* Base */ = {isa = PBXFileReference; lastKnownFileType = file.storyboard; name = Base; path = Base.lproj/LaunchScreen.storyboard; sourceTree = "<group>"; };
		E56A329D27F7A02C00C3AE74 /* Info.plist */ = {isa = PBXFileReference; lastKnownFileType = text.plist.xml; path = Info.plist; sourceTree = "<group>"; };
		E56A32A627F7A3EF00C3AE74 /* SwiftyVK.framework */ = {isa = PBXFileReference; lastKnownFileType = wrapper.framework; name = SwiftyVK.framework; path = Carthage/Build/iOS/SwiftyVK.framework; sourceTree = "<group>"; };
		E56A32AA27F7AE3300C3AE74 /* VKDelegate.swift */ = {isa = PBXFileReference; fileEncoding = 4; lastKnownFileType = sourcecode.swift; path = VKDelegate.swift; sourceTree = "<group>"; };
		E56A32AC27F7AFFD00C3AE74 /* GalleryViewController.swift */ = {isa = PBXFileReference; lastKnownFileType = sourcecode.swift; path = GalleryViewController.swift; sourceTree = "<group>"; };
		E56A32AE27F9C65100C3AE74 /* PhotoViewController.swift */ = {isa = PBXFileReference; lastKnownFileType = sourcecode.swift; path = PhotoViewController.swift; sourceTree = "<group>"; };
		E56A32B027FA1E7400C3AE74 /* AlbumPhotosViewModel.swift */ = {isa = PBXFileReference; lastKnownFileType = sourcecode.swift; path = AlbumPhotosViewModel.swift; sourceTree = "<group>"; };
/* End PBXFileReference section */

/* Begin PBXFrameworksBuildPhase section */
		E56A328627F7A02900C3AE74 /* Frameworks */ = {
			isa = PBXFrameworksBuildPhase;
			buildActionMask = 2147483647;
			files = (
				E56A32A727F7A3EF00C3AE74 /* SwiftyVK.framework in Frameworks */,
			);
			runOnlyForDeploymentPostprocessing = 0;
		};
/* End PBXFrameworksBuildPhase section */

/* Begin PBXGroup section */
		E56A328027F7A02900C3AE74 = {
			isa = PBXGroup;
			children = (
				E56A328B27F7A02900C3AE74 /* VKTestForMobileUp */,
				E56A328A27F7A02900C3AE74 /* Products */,
				E56A32A527F7A3EE00C3AE74 /* Frameworks */,
			);
			sourceTree = "<group>";
		};
		E56A328A27F7A02900C3AE74 /* Products */ = {
			isa = PBXGroup;
			children = (
				E56A328927F7A02900C3AE74 /* VKTestForMobileUp.app */,
			);
			name = Products;
			sourceTree = "<group>";
		};
		E56A328B27F7A02900C3AE74 /* VKTestForMobileUp */ = {
			isa = PBXGroup;
			children = (
				E56A32AA27F7AE3300C3AE74 /* VKDelegate.swift */,
				E56A328C27F7A02900C3AE74 /* AppDelegate.swift */,
				E56A328E27F7A02900C3AE74 /* SceneDelegate.swift */,
				E56A32AE27F9C65100C3AE74 /* PhotoViewController.swift */,
				E56A32AC27F7AFFD00C3AE74 /* GalleryViewController.swift */,
				E56A329027F7A02900C3AE74 /* ViewController.swift */,
				E56A329227F7A02900C3AE74 /* Main.storyboard */,
				E56A329827F7A02C00C3AE74 /* Assets.xcassets */,
				E56A329A27F7A02C00C3AE74 /* LaunchScreen.storyboard */,
				E56A329D27F7A02C00C3AE74 /* Info.plist */,
				E56A329527F7A02900C3AE74 /* VKTestForMobileUp.xcdatamodeld */,
				E56A32B027FA1E7400C3AE74 /* AlbumPhotosViewModel.swift */,
			);
			path = VKTestForMobileUp;
			sourceTree = "<group>";
		};
		E56A32A527F7A3EE00C3AE74 /* Frameworks */ = {
			isa = PBXGroup;
			children = (
				E56A32A627F7A3EF00C3AE74 /* SwiftyVK.framework */,
			);
			name = Frameworks;
			sourceTree = "<group>";
		};
/* End PBXGroup section */

/* Begin PBXNativeTarget section */
		E56A328827F7A02900C3AE74 /* VKTestForMobileUp */ = {
			isa = PBXNativeTarget;
			buildConfigurationList = E56A32A027F7A02C00C3AE74 /* Build configuration list for PBXNativeTarget "VKTestForMobileUp" */;
			buildPhases = (
				E56A328527F7A02900C3AE74 /* Sources */,
				E56A328627F7A02900C3AE74 /* Frameworks */,
				E56A328727F7A02900C3AE74 /* Resources */,
				E56A32A927F7A3EF00C3AE74 /* Embed Frameworks */,
			);
			buildRules = (
			);
			dependencies = (
			);
			name = VKTestForMobileUp;
			productName = VKTestForMobileUp;
			productReference = E56A328927F7A02900C3AE74 /* VKTestForMobileUp.app */;
			productType = "com.apple.product-type.application";
		};
/* End PBXNativeTarget section */

/* Begin PBXProject section */
		E56A328127F7A02900C3AE74 /* Project object */ = {
			isa = PBXProject;
			attributes = {
				LastSwiftUpdateCheck = 1240;
				LastUpgradeCheck = 1240;
				TargetAttributes = {
					E56A328827F7A02900C3AE74 = {
						CreatedOnToolsVersion = 12.4;
					};
				};
			};
			buildConfigurationList = E56A328427F7A02900C3AE74 /* Build configuration list for PBXProject "VKTestForMobileUp" */;
			compatibilityVersion = "Xcode 12.0";
			developmentRegion = en;
			hasScannedForEncodings = 0;
			knownRegions = (
				en,
				Base,
			);
			mainGroup = E56A328027F7A02900C3AE74;
			productRefGroup = E56A328A27F7A02900C3AE74 /* Products */;
			projectDirPath = "";
			projectRoot = "";
			targets = (
				E56A328827F7A02900C3AE74 /* VKTestForMobileUp */,
			);
		};
/* End PBXProject section */

/* Begin PBXResourcesBuildPhase section */
		E56A328727F7A02900C3AE74 /* Resources */ = {
			isa = PBXResourcesBuildPhase;
			buildActionMask = 2147483647;
			files = (
				E56A329C27F7A02C00C3AE74 /* LaunchScreen.storyboard in Resources */,
				E56A329927F7A02C00C3AE74 /* Assets.xcassets in Resources */,
				E56A329427F7A02900C3AE74 /* Main.storyboard in Resources */,
			);
			runOnlyForDeploymentPostprocessing = 0;
		};
/* End PBXResourcesBuildPhase section */

/* Begin PBXSourcesBuildPhase section */
		E56A328527F7A02900C3AE74 /* Sources */ = {
			isa = PBXSourcesBuildPhase;
			buildActionMask = 2147483647;
			files = (
				E56A329127F7A02900C3AE74 /* ViewController.swift in Sources */,
				E56A328D27F7A02900C3AE74 /* AppDelegate.swift in Sources */,
				E56A32AB27F7AE3300C3AE74 /* VKDelegate.swift in Sources */,
				E56A32AD27F7AFFD00C3AE74 /* GalleryViewController.swift in Sources */,
				E56A32AF27F9C65200C3AE74 /* PhotoViewController.swift in Sources */,
				E56A328F27F7A02900C3AE74 /* SceneDelegate.swift in Sources */,
				E56A329727F7A02900C3AE74 /* VKTestForMobileUp.xcdatamodeld in Sources */,
				E56A32B127FA1E7400C3AE74 /* AlbumPhotosViewModel.swift in Sources */,
			);
			runOnlyForDeploymentPostprocessing = 0;
		};
/* End PBXSourcesBuildPhase section */

/* Begin PBXVariantGroup section */
		E56A329227F7A02900C3AE74 /* Main.storyboard */ = {
			isa = PBXVariantGroup;
			children = (
				E56A329327F7A02900C3AE74 /* Base */,
			);
			name = Main.storyboard;
			sourceTree = "<group>";
		};
		E56A329A27F7A02C00C3AE74 /* LaunchScreen.storyboard */ = {
			isa = PBXVariantGroup;
			children = (
				E56A329B27F7A02C00C3AE74 /* Base */,
			);
			name = LaunchScreen.storyboard;
			sourceTree = "<group>";
		};
/* End PBXVariantGroup section */

/* Begin XCBuildConfiguration section */
		E56A329E27F7A02C00C3AE74 /* Debug */ = {
			isa = XCBuildConfiguration;
			buildSettings = {
				ALWAYS_SEARCH_USER_PATHS = NO;
				CLANG_ANALYZER_NONNULL = YES;
				CLANG_ANALYZER_NUMBER_OBJECT_CONVERSION = YES_AGGRESSIVE;
				CLANG_CXX_LANGUAGE_STANDARD = "gnu++14";
				CLANG_CXX_LIBRARY = "libc++";
				CLANG_ENABLE_MODULES = YES;
				CLANG_ENABLE_OBJC_ARC = YES;
				CLANG_ENABLE_OBJC_WEAK = YES;
				CLANG_WARN_BLOCK_CAPTURE_AUTORELEASING = YES;
				CLANG_WARN_BOOL_CONVERSION = YES;
				CLANG_WARN_COMMA = YES;
				CLANG_WARN_CONSTANT_CONVERSION = YES;
				CLANG_WARN_DEPRECATED_OBJC_IMPLEMENTATIONS = YES;
				CLANG_WARN_DIRECT_OBJC_ISA_USAGE = YES_ERROR;
				CLANG_WARN_DOCUMENTATION_COMMENTS = YES;
				CLANG_WARN_EMPTY_BODY = YES;
				CLANG_WARN_ENUM_CONVERSION = YES;
				CLANG_WARN_INFINITE_RECURSION = YES;
				CLANG_WARN_INT_CONVERSION = YES;
				CLANG_WARN_NON_LITERAL_NULL_CONVERSION = YES;
				CLANG_WARN_OBJC_IMPLICIT_RETAIN_SELF = YES;
				CLANG_WARN_OBJC_LITERAL_CONVERSION = YES;
				CLANG_WARN_OBJC_ROOT_CLASS = YES_ERROR;
				CLANG_WARN_QUOTED_INCLUDE_IN_FRAMEWORK_HEADER = YES;
				CLANG_WARN_RANGE_LOOP_ANALYSIS = YES;
				CLANG_WARN_STRICT_PROTOTYPES = YES;
				CLANG_WARN_SUSPICIOUS_MOVE = YES;
				CLANG_WARN_UNGUARDED_AVAILABILITY = YES_AGGRESSIVE;
				CLANG_WARN_UNREACHABLE_CODE = YES;
				CLANG_WARN__DUPLICATE_METHOD_MATCH = YES;
				COPY_PHASE_STRIP = NO;
				DEBUG_INFORMATION_FORMAT = dwarf;
				ENABLE_STRICT_OBJC_MSGSEND = YES;
				ENABLE_TESTABILITY = YES;
				GCC_C_LANGUAGE_STANDARD = gnu11;
				GCC_DYNAMIC_NO_PIC = NO;
				GCC_NO_COMMON_BLOCKS = YES;
				GCC_OPTIMIZATION_LEVEL = 0;
				GCC_PREPROCESSOR_DEFINITIONS = (
					"DEBUG=1",
					"$(inherited)",
				);
				GCC_WARN_64_TO_32_BIT_CONVERSION = YES;
				GCC_WARN_ABOUT_RETURN_TYPE = YES_ERROR;
				GCC_WARN_UNDECLARED_SELECTOR = YES;
				GCC_WARN_UNINITIALIZED_AUTOS = YES_AGGRESSIVE;
				GCC_WARN_UNUSED_FUNCTION = YES;
				GCC_WARN_UNUSED_VARIABLE = YES;
				IPHONEOS_DEPLOYMENT_TARGET = 14.4;
				MTL_ENABLE_DEBUG_INFO = INCLUDE_SOURCE;
				MTL_FAST_MATH = YES;
				ONLY_ACTIVE_ARCH = YES;
				SDKROOT = iphoneos;
				SWIFT_ACTIVE_COMPILATION_CONDITIONS = DEBUG;
				SWIFT_OPTIMIZATION_LEVEL = "-Onone";
				VALIDATE_WORKSPACE = YES;
			};
			name = Debug;
		};
		E56A329F27F7A02C00C3AE74 /* Release */ = {
			isa = XCBuildConfiguration;
			buildSettings = {
				ALWAYS_SEARCH_USER_PATHS = NO;
				CLANG_ANALYZER_NONNULL = YES;
				CLANG_ANALYZER_NUMBER_OBJECT_CONVERSION = YES_AGGRESSIVE;
				CLANG_CXX_LANGUAGE_STANDARD = "gnu++14";
				CLANG_CXX_LIBRARY = "libc++";
				CLANG_ENABLE_MODULES = YES;
				CLANG_ENABLE_OBJC_ARC = YES;
				CLANG_ENABLE_OBJC_WEAK = YES;
				CLANG_WARN_BLOCK_CAPTURE_AUTORELEASING = YES;
				CLANG_WARN_BOOL_CONVERSION = YES;
				CLANG_WARN_COMMA = YES;
				CLANG_WARN_CONSTANT_CONVERSION = YES;
				CLANG_WARN_DEPRECATED_OBJC_IMPLEMENTATIONS = YES;
				CLANG_WARN_DIRECT_OBJC_ISA_USAGE = YES_ERROR;
				CLANG_WARN_DOCUMENTATION_COMMENTS = YES;
				CLANG_WARN_EMPTY_BODY = YES;
				CLANG_WARN_ENUM_CONVERSION = YES;
				CLANG_WARN_INFINITE_RECURSION = YES;
				CLANG_WARN_INT_CONVERSION = YES;
				CLANG_WARN_NON_LITERAL_NULL_CONVERSION = YES;
				CLANG_WARN_OBJC_IMPLICIT_RETAIN_SELF = YES;
				CLANG_WARN_OBJC_LITERAL_CONVERSION = YES;
				CLANG_WARN_OBJC_ROOT_CLASS = YES_ERROR;
				CLANG_WARN_QUOTED_INCLUDE_IN_FRAMEWORK_HEADER = YES;
				CLANG_WARN_RANGE_LOOP_ANALYSIS = YES;
				CLANG_WARN_STRICT_PROTOTYPES = YES;
				CLANG_WARN_SUSPICIOUS_MOVE = YES;
				CLANG_WARN_UNGUARDED_AVAILABILITY = YES_AGGRESSIVE;
				CLANG_WARN_UNREACHABLE_CODE = YES;
				CLANG_WARN__DUPLICATE_METHOD_MATCH = YES;
				COPY_PHASE_STRIP = NO;
				DEBUG_INFORMATION_FORMAT = "dwarf-with-dsym";
				ENABLE_NS_ASSERTIONS = NO;
				ENABLE_STRICT_OBJC_MSGSEND = YES;
				GCC_C_LANGUAGE_STANDARD = gnu11;
				GCC_NO_COMMON_BLOCKS = YES;
				GCC_WARN_64_TO_32_BIT_CONVERSION = YES;
				GCC_WARN_ABOUT_RETURN_TYPE = YES_ERROR;
				GCC_WARN_UNDECLARED_SELECTOR = YES;
				GCC_WARN_UNINITIALIZED_AUTOS = YES_AGGRESSIVE;
				GCC_WARN_UNUSED_FUNCTION = YES;
				GCC_WARN_UNUSED_VARIABLE = YES;
				IPHONEOS_DEPLOYMENT_TARGET = 14.4;
				MTL_ENABLE_DEBUG_INFO = NO;
				MTL_FAST_MATH = YES;
				SDKROOT = iphoneos;
				SWIFT_COMPILATION_MODE = wholemodule;
				SWIFT_OPTIMIZATION_LEVEL = "-O";
				VALIDATE_PRODUCT = YES;
				VALIDATE_WORKSPACE = YES;
			};
			name = Release;
		};
		E56A32A127F7A02C00C3AE74 /* Debug */ = {
			isa = XCBuildConfiguration;
			buildSettings = {
				ASSETCATALOG_COMPILER_APPICON_NAME = AppIcon;
				ASSETCATALOG_COMPILER_GLOBAL_ACCENT_COLOR_NAME = AccentColor;
				CODE_SIGN_STYLE = Automatic;
				DEVELOPMENT_TEAM = CLL9MQ4V4C;
				FRAMEWORK_SEARCH_PATHS = (
					"$(inherited)",
					"$(PROJECT_DIR)/Carthage/Build/iOS",
				);
				INFOPLIST_FILE = VKTestForMobileUp/Info.plist;
				IPHONEOS_DEPLOYMENT_TARGET = 13.0;
				LD_RUNPATH_SEARCH_PATHS = (
					"$(inherited)",
					"@executable_path/Frameworks",
				);
				PRODUCT_BUNDLE_IDENTIFIER = co.BigApps.VKTestForMobileUp;
				PRODUCT_NAME = "$(TARGET_NAME)";
				SWIFT_VERSION = 5.0;
				TARGETED_DEVICE_FAMILY = 1;
			};
			name = Debug;
		};
		E56A32A227F7A02C00C3AE74 /* Release */ = {
			isa = XCBuildConfiguration;
			buildSettings = {
				ASSETCATALOG_COMPILER_APPICON_NAME = AppIcon;
				ASSETCATALOG_COMPILER_GLOBAL_ACCENT_COLOR_NAME = AccentColor;
				CODE_SIGN_STYLE = Automatic;
				DEVELOPMENT_TEAM = CLL9MQ4V4C;
				FRAMEWORK_SEARCH_PATHS = (
					"$(inherited)",
					"$(PROJECT_DIR)/Carthage/Build/iOS",
				);
				INFOPLIST_FILE = VKTestForMobileUp/Info.plist;
				IPHONEOS_DEPLOYMENT_TARGET = 13.0;
				LD_RUNPATH_SEARCH_PATHS = (
					"$(inherited)",
					"@executable_path/Frameworks",
				);
				PRODUCT_BUNDLE_IDENTIFIER = co.BigApps.VKTestForMobileUp;
				PRODUCT_NAME = "$(TARGET_NAME)";
				SWIFT_VERSION = 5.0;
				TARGETED_DEVICE_FAMILY = 1;
			};
			name = Release;
		};
/* End XCBuildConfiguration section */

/* Begin XCConfigurationList section */
		E56A328427F7A02900C3AE74 /* Build configuration list for PBXProject "VKTestForMobileUp" */ = {
			isa = XCConfigurationList;
			buildConfigurations = (
				E56A329E27F7A02C00C3AE74 /* Debug */,
				E56A329F27F7A02C00C3AE74 /* Release */,
			);
			defaultConfigurationIsVisible = 0;
			defaultConfigurationName = Release;
		};
		E56A32A027F7A02C00C3AE74 /* Build configuration list for PBXNativeTarget "VKTestForMobileUp" */ = {
			isa = XCConfigurationList;
			buildConfigurations = (
				E56A32A127F7A02C00C3AE74 /* Debug */,
				E56A32A227F7A02C00C3AE74 /* Release */,
			);
			defaultConfigurationIsVisible = 0;
			defaultConfigurationName = Release;
		};
/* End XCConfigurationList section */

/* Begin XCVersionGroup section */
		E56A329527F7A02900C3AE74 /* VKTestForMobileUp.xcdatamodeld */ = {
			isa = XCVersionGroup;
			children = (
				E56A329627F7A02900C3AE74 /* VKTestForMobileUp.xcdatamodel */,
			);
			currentVersion = E56A329627F7A02900C3AE74 /* VKTestForMobileUp.xcdatamodel */;
			path = VKTestForMobileUp.xcdatamodeld;
			sourceTree = "<group>";
			versionGroupType = wrapper.xcdatamodel;
		};
/* End XCVersionGroup section */
	};
	rootObject = E56A328127F7A02900C3AE74 /* Project object */;
}
